
Microsoft Visual Studio Solution File, Format Version 12.00
# Visual Studio Version 17
VisualStudioVersion = 17.3.32922.545
MinimumVisualStudioVersion = 10.0.40219.1
Project("{9A19103F-16F7-4668-BE54-9A1E7A4F7556}") = "Webhooks.App.Api", "WebhooksProvider.API\Webhooks.App.Api.csproj", "{8AE8E2B4-42CB-45DC-AEE0-EF1CBC301F28}"
EndProject
Project("{9A19103F-16F7-4668-BE54-9A1E7A4F7556}") = "WebHooks.SharedKernel", "WebHooksPractice.SharedKernel\WebHooks.SharedKernel.csproj", "{7E9F3B7A-C4D9-4228-8AF8-217BB0023F2B}"
EndProject
Project("{2150E333-8FDC-42A3-9474-1A3956D46DE8}") = "src", "src", "{9AAF1F3B-6AA7-440F-ADC9-D841F8E58104}"
EndProject
Project("{2150E333-8FDC-42A3-9474-1A3956D46DE8}") = "test", "test", "{884C90A2-8355-405A-9929-ED17EBAF3170}"
EndProject
Project("{2150E333-8FDC-42A3-9474-1A3956D46DE8}") = "Components", "Components", "{5F242A1C-8669-476A-A81A-F70373F93F8F}"
EndProject
Project("{2150E333-8FDC-42A3-9474-1A3956D46DE8}") = "Services", "Services", "{7EAB6E41-D55C-4242-A54B-37A5D72BC67C}"
EndProject
Project("{9A19103F-16F7-4668-BE54-9A1E7A4F7556}") = "Webhooks.Subscriber.Api", "Webhooks.Consumer.Api\Webhooks.Subscriber.Api.csproj", "{A065175C-F5D3-4234-A35A-516801DE78D6}"
EndProject
Project("{9A19103F-16F7-4668-BE54-9A1E7A4F7556}") = "WebHooks.Sender.Worker", "WebHookPractice.Processor.Worker\WebHooks.Sender.Worker.csproj", "{CFDD67A8-115C-4AE7-A505-140395A13C62}"
EndProject
Project("{9A19103F-16F7-4668-BE54-9A1E7A4F7556}") = "Dapper.BaseRepository", "..\DapperBaseRepo\Dapper.BaseRepository.csproj", "{D2A7278F-BAEC-4293-B7C4-FB6A32175308}"
EndProject
Global
	GlobalSection(SolutionConfigurationPlatforms) = preSolution
		Debug|Any CPU = Debug|Any CPU
		Release|Any CPU = Release|Any CPU
	EndGlobalSection
	GlobalSection(ProjectConfigurationPlatforms) = postSolution
		{8AE8E2B4-42CB-45DC-AEE0-EF1CBC301F28}.Debug|Any CPU.ActiveCfg = Debug|Any CPU
		{8AE8E2B4-42CB-45DC-AEE0-EF1CBC301F28}.Debug|Any CPU.Build.0 = Debug|Any CPU
		{8AE8E2B4-42CB-45DC-AEE0-EF1CBC301F28}.Release|Any CPU.ActiveCfg = Release|Any CPU
		{8AE8E2B4-42CB-45DC-AEE0-EF1CBC301F28}.Release|Any CPU.Build.0 = Release|Any CPU
		{7E9F3B7A-C4D9-4228-8AF8-217BB0023F2B}.Debug|Any CPU.ActiveCfg = Debug|Any CPU
		{7E9F3B7A-C4D9-4228-8AF8-217BB0023F2B}.Debug|Any CPU.Build.0 = Debug|Any CPU
		{7E9F3B7A-C4D9-4228-8AF8-217BB0023F2B}.Release|Any CPU.ActiveCfg = Release|Any CPU
		{7E9F3B7A-C4D9-4228-8AF8-217BB0023F2B}.Release|Any CPU.Build.0 = Release|Any CPU
		{A065175C-F5D3-4234-A35A-516801DE78D6}.Debug|Any CPU.ActiveCfg = Debug|Any CPU
		{A065175C-F5D3-4234-A35A-516801DE78D6}.Debug|Any CPU.Build.0 = Debug|Any CPU
		{A065175C-F5D3-4234-A35A-516801DE78D6}.Release|Any CPU.ActiveCfg = Release|Any CPU
		{A065175C-F5D3-4234-A35A-516801DE78D6}.Release|Any CPU.Build.0 = Release|Any CPU
		{CFDD67A8-115C-4AE7-A505-140395A13C62}.Debug|Any CPU.ActiveCfg = Debug|Any CPU
		{CFDD67A8-115C-4AE7-A505-140395A13C62}.Debug|Any CPU.Build.0 = Debug|Any CPU
		{CFDD67A8-115C-4AE7-A505-140395A13C62}.Release|Any CPU.ActiveCfg = Release|Any CPU
		{CFDD67A8-115C-4AE7-A505-140395A13C62}.Release|Any CPU.Build.0 = Release|Any CPU
		{D2A7278F-BAEC-4293-B7C4-FB6A32175308}.Debug|Any CPU.ActiveCfg = Debug|Any CPU
		{D2A7278F-BAEC-4293-B7C4-FB6A32175308}.Debug|Any CPU.Build.0 = Debug|Any CPU
		{D2A7278F-BAEC-4293-B7C4-FB6A32175308}.Release|Any CPU.ActiveCfg = Release|Any CPU
		{D2A7278F-BAEC-4293-B7C4-FB6A32175308}.Release|Any CPU.Build.0 = Release|Any CPU
	EndGlobalSection
	GlobalSection(SolutionProperties) = preSolution
		HideSolutionNode = FALSE
	EndGlobalSection
	GlobalSection(NestedProjects) = preSolution
		{8AE8E2B4-42CB-45DC-AEE0-EF1CBC301F28} = {7EAB6E41-D55C-4242-A54B-37A5D72BC67C}
		{7E9F3B7A-C4D9-4228-8AF8-217BB0023F2B} = {5F242A1C-8669-476A-A81A-F70373F93F8F}
		{5F242A1C-8669-476A-A81A-F70373F93F8F} = {9AAF1F3B-6AA7-440F-ADC9-D841F8E58104}
		{7EAB6E41-D55C-4242-A54B-37A5D72BC67C} = {9AAF1F3B-6AA7-440F-ADC9-D841F8E58104}
		{A065175C-F5D3-4234-A35A-516801DE78D6} = {7EAB6E41-D55C-4242-A54B-37A5D72BC67C}
		{CFDD67A8-115C-4AE7-A505-140395A13C62} = {7EAB6E41-D55C-4242-A54B-37A5D72BC67C}
		{D2A7278F-BAEC-4293-B7C4-FB6A32175308} = {5F242A1C-8669-476A-A81A-F70373F93F8F}
	EndGlobalSection
	GlobalSection(ExtensibilityGlobals) = postSolution
		SolutionGuid = {E4439C9B-9E62-417C-9BE5-6CC806376386}
	EndGlobalSection
EndGlobal
